{
    "_readme": [
        "This file locks the dependencies of your project to a known state",
        "Read more about it at https://getcomposer.org/doc/01-basic-usage.md#installing-dependencies",
        "This file is @generated automatically"
    ],
    "content-hash": "c20d6bde6b6e86203f7997817488fb7d",
    "packages": [
        {
            "name": "gordon-ansell/gap-framework",
            "version": "dev-main",
            "source": {
                "type": "git",
                "url": "https://github.com/gordon-ansell/gap-framework.git",
                "reference": "6be1193df684ddd1633bc440dc246ebbfb259292"
            },
            "dist": {
                "type": "zip",
                "url": "https://api.github.com/repos/gordon-ansell/gap-framework/zipball/6be1193df684ddd1633bc440dc246ebbfb259292",
                "reference": "6be1193df684ddd1633bc440dc246ebbfb259292",
                "shasum": ""
            },
            "require": {
                "league/plates": "3.*",
                "php": "^7.3",
                "psr/container": "*",
                "psr/log": "*"
            },
            "provide": {
                "psr/container-implementation": "1.0"
            },
            "require-dev": {
                "phpunit/phpunit": "^9"
            },
            "default-branch": true,
            "type": "library",
            "autoload": {
                "files": [
                    "src/functions.php",
                    "src/polyfill-8.0.php"
                ],
                "psr-4": {
                    "GreenFedora\\": "src/"
                }
            },
            "autoload-dev": {
                "files": [
                    "phpunit"
                ],
                "psr-4": {
                    "GreenFedora\\Tests\\": "tests/"
                }
            },
            "license": [
                "BSD-3-Clause"
            ],
            "description": "GreenFedora PHP Framework",
            "homepage": "http://gordonansell.com/coding/gap-framework",
            "keywords": [
                "framework",
                "greenfedora",
                "php"
            ],
            "support": {
                "source": "https://github.com/gordon-ansell/gap-framework/tree/main",
                "issues": "https://github.com/gordon-ansell/gap-framework/issues"
            },
            "time": "2021-07-29T05:55:06+00:00"
        },
        {
            "name": "gordon-ansell/gap-phpwhois",
            "version": "dev-main",
            "source": {
                "type": "git",
                "url": "https://github.com/gordon-ansell/gap-phpwhois.git",
                "reference": "4a6c93a2bad1d10262ddb32f60e08b9485a10172"
            },
            "dist": {
                "type": "zip",
                "url": "https://api.github.com/repos/gordon-ansell/gap-phpwhois/zipball/4a6c93a2bad1d10262ddb32f60e08b9485a10172",
                "reference": "4a6c93a2bad1d10262ddb32f60e08b9485a10172",
                "shasum": ""
            },
            "require": {
                "mso/idna-convert": "*",
                "php": ">=7.3"
            },
            "require-dev": {
                "phpunit/phpunit": "4.4.1"
            },
            "suggest": {
                "lib-openssl": "*"
            },
            "default-branch": true,
            "type": "library",
            "autoload": {
                "files": [
                    "idna/idna_convert2.class.php"
                ],
                "psr-4": {
                    "phpWhois\\": "src/"
                }
            },
            "license": [
                "GPL-2.0"
            ],
            "authors": [
                {
                    "name": "Mark Jeftovic",
                    "email": "markjr@easydns.com"
                },
                {
                    "name": "David Saez Padros",
                    "email": "david@ols.es"
                },
                {
                    "name": "Ross Golder",
                    "email": "ross@golder.org"
                },
                {
                    "name": "Dmitry Lukashin",
                    "email": "dmitry@lukashin.ru"
                }
            ],
            "description": "phpWhois - library for querying whois services and parsing results. Based on phpwhois.org",
            "homepage": "http://phpwhois.pw",
            "keywords": [
                "PHP",
                "Whois",
                "phpWhois"
            ],
            "support": {
                "source": "https://github.com/gordon-ansell/gap-phpwhois/tree/main",
                "issues": "https://github.com/gordon-ansell/gap-phpwhois/issues"
            },
            "time": "2021-07-18T07:29:22+00:00"
        },
        {
            "name": "jakeasmith/http_build_url",
            "version": "1.0.1",
            "source": {
                "type": "git",
                "url": "https://github.com/jakeasmith/http_build_url.git",
                "reference": "93c273e77cb1edead0cf8bcf8cd2003428e74e37"
            },
            "dist": {
                "type": "zip",
                "url": "https://api.github.com/repos/jakeasmith/http_build_url/zipball/93c273e77cb1edead0cf8bcf8cd2003428e74e37",
                "reference": "93c273e77cb1edead0cf8bcf8cd2003428e74e37",
                "shasum": ""
            },
            "type": "library",
            "autoload": {
                "files": [
                    "src/http_build_url.php"
                ]
            },
            "notification-url": "https://packagist.org/downloads/",
            "license": [
                "MIT"
            ],
            "authors": [
                {
                    "name": "Jake A. Smith",
                    "email": "theman@jakeasmith.com"
                }
            ],
            "description": "Provides functionality for http_build_url() to environments without pecl_http.",
            "support": {
                "issues": "https://github.com/jakeasmith/http_build_url/issues",
                "source": "https://github.com/jakeasmith/http_build_url"
            },
            "time": "2017-05-01T15:36:40+00:00"
        },
        {
            "name": "league/plates",
            "version": "v3.x-dev",
            "source": {
                "type": "git",
                "url": "https://github.com/thephpleague/plates.git",
                "reference": "9a55e710574e38106bde23fa16489a2ef6eabf16"
            },
            "dist": {
                "type": "zip",
                "url": "https://api.github.com/repos/thephpleague/plates/zipball/9a55e710574e38106bde23fa16489a2ef6eabf16",
                "reference": "9a55e710574e38106bde23fa16489a2ef6eabf16",
                "shasum": ""
            },
            "require": {
                "php": "^7.0|^8.0"
            },
            "require-dev": {
                "mikey179/vfsstream": "^1.6",
                "phpunit/phpunit": "^9.5",
                "squizlabs/php_codesniffer": "^3.5"
            },
            "default-branch": true,
            "type": "library",
            "extra": {
                "branch-alias": {
                    "dev-master": "3.0-dev"
                }
            },
            "autoload": {
                "psr-4": {
                    "League\\Plates\\": "src"
                }
            },
            "notification-url": "https://packagist.org/downloads/",
            "license": [
                "MIT"
            ],
            "authors": [
                {
                    "name": "Jonathan Reinink",
                    "email": "jonathan@reinink.ca",
                    "role": "Developer"
                },
                {
                    "name": "RJ Garcia",
                    "email": "ragboyjr@icloud.com",
                    "role": "Developer"
                }
            ],
            "description": "Plates, the native PHP template system that's fast, easy to use and easy to extend.",
            "homepage": "https://platesphp.com",
            "keywords": [
                "league",
                "package",
                "templates",
                "templating",
                "views"
            ],
            "support": {
                "issues": "https://github.com/thephpleague/plates/issues",
                "source": "https://github.com/thephpleague/plates/tree/v3"
            },
            "time": "2021-07-28T23:59:37+00:00"
        },
        {
            "name": "mso/idna-convert",
            "version": "dev-master",
            "source": {
                "type": "git",
                "url": "https://github.com/algo26-matthias/idna-convert.git",
                "reference": "9cbcfa17ecfed54387ca2ed29acb2773f1870a5e"
            },
            "dist": {
                "type": "zip",
                "url": "https://api.github.com/repos/algo26-matthias/idna-convert/zipball/9cbcfa17ecfed54387ca2ed29acb2773f1870a5e",
                "reference": "9cbcfa17ecfed54387ca2ed29acb2773f1870a5e",
                "shasum": ""
            },
            "require": {
                "ext-pcre": "*",
                "jakeasmith/http_build_url": "^1",
                "php": ">=7.2.0"
            },
            "require-dev": {
                "phpunit/phpunit": "^8.0 || ^9.0"
            },
            "suggest": {
                "ext-iconv": "Install ext/iconv for using input / output other than UTF-8 or ISO-8859-1",
                "ext-mbstring": "Install ext/mbstring for using input / output other than UTF-8 or ISO-8859-1"
            },
            "default-branch": true,
            "type": "library",
            "autoload": {
                "psr-4": {
                    "Algo26\\IdnaConvert\\": "src/"
                }
            },
            "notification-url": "https://packagist.org/downloads/",
            "license": [
                "LGPL-2.1+"
            ],
            "authors": [
                {
                    "name": "Matthias Sommerfeld",
                    "email": "matthias.sommerfeld@algo26.de",
                    "role": "Developer"
                }
            ],
            "description": "A library for encoding and decoding internationalized domain names",
            "homepage": "http://idnaconv.net/",
            "keywords": [
                "idn",
                "idna",
                "php"
            ],
            "support": {
                "issues": "https://github.com/algo26-matthias/idna-convert/issues",
                "source": "https://github.com/algo26-matthias/idna-convert/tree/v3.0.5"
            },
            "abandoned": "algo26-matthias/idna-convert",
            "time": "2020-10-05T05:49:30+00:00"
        },
        {
            "name": "psr/container",
            "version": "dev-master",
            "source": {
                "type": "git",
                "url": "https://github.com/php-fig/container.git",
                "reference": "2ae37329ee82f91efadc282cc2d527fd6065a5ef"
            },
            "dist": {
                "type": "zip",
                "url": "https://api.github.com/repos/php-fig/container/zipball/2ae37329ee82f91efadc282cc2d527fd6065a5ef",
                "reference": "2ae37329ee82f91efadc282cc2d527fd6065a5ef",
                "shasum": ""
            },
            "require": {
                "php": ">=7.2.0"
            },
            "default-branch": true,
            "type": "library",
            "extra": {
                "branch-alias": {
                    "dev-master": "2.0.x-dev"
                }
            },
            "autoload": {
                "psr-4": {
                    "Psr\\Container\\": "src/"
                }
            },
            "notification-url": "https://packagist.org/downloads/",
            "license": [
                "MIT"
            ],
            "authors": [
                {
                    "name": "PHP-FIG",
                    "homepage": "https://www.php-fig.org/"
                }
            ],
            "description": "Common Container Interface (PHP FIG PSR-11)",
            "homepage": "https://github.com/php-fig/container",
            "keywords": [
                "PSR-11",
                "container",
                "container-interface",
                "container-interop",
                "psr"
            ],
            "support": {
                "issues": "https://github.com/php-fig/container/issues",
                "source": "https://github.com/php-fig/container/tree/2.0.1"
            },
            "time": "2021-03-24T13:40:57+00:00"
        },
        {
            "name": "psr/log",
            "version": "1.1.4",
            "source": {
                "type": "git",
                "url": "https://github.com/php-fig/log.git",
                "reference": "d49695b909c3b7628b6289db5479a1c204601f11"
            },
            "dist": {
                "type": "zip",
                "url": "https://api.github.com/repos/php-fig/log/zipball/d49695b909c3b7628b6289db5479a1c204601f11",
                "reference": "d49695b909c3b7628b6289db5479a1c204601f11",
                "shasum": ""
            },
            "require": {
                "php": ">=5.3.0"
            },
            "type": "library",
            "extra": {
                "branch-alias": {
                    "dev-master": "1.1.x-dev"
                }
            },
            "autoload": {
                "psr-4": {
                    "Psr\\Log\\": "Psr/Log/"
                }
            },
            "notification-url": "https://packagist.org/downloads/",
            "license": [
                "MIT"
            ],
            "authors": [
                {
                    "name": "PHP-FIG",
                    "homepage": "https://www.php-fig.org/"
                }
            ],
            "description": "Common interface for logging libraries",
            "homepage": "https://github.com/php-fig/log",
            "keywords": [
                "log",
                "psr",
                "psr-3"
            ],
            "support": {
                "source": "https://github.com/php-fig/log/tree/1.1.4"
            },
            "time": "2021-05-03T11:20:27+00:00"
        }
    ],
    "packages-dev": [],
    "aliases": [],
    "minimum-stability": "dev",
    "stability-flags": [],
    "prefer-stable": false,
    "prefer-lowest": false,
    "platform": {
        "php": "^7.3"
    },
    "platform-dev": [],
    "plugin-api-version": "2.1.0"
}
